
Microsoft Visual Studio Solution File, Format Version 12.00
# Visual Studio Version 17
VisualStudioVersion = 17.0.31903.59
MinimumVisualStudioVersion = 10.0.40219.1
Project("{FAE04EC0-301F-11D3-BF4B-00C04F79EFBC}") = "API", "API\API.csproj", "{9415AB77-60CC-4139-82A9-8E4246BE2B4C}"
EndProject
Project("{FAE04EC0-301F-11D3-BF4B-00C04F79EFBC}") = "Core", "Core\Core.csproj", "{8C4C1B75-6740-4BE9-9A59-B2C781E47049}"
EndProject
Project("{FAE04EC0-301F-11D3-BF4B-00C04F79EFBC}") = "Infrastructure", "Infrastructure\Infrastructure.csproj", "{DB4468D4-DACE-4B29-A026-B5C1DDC8CB30}"
EndProject
Global
	GlobalSection(SolutionConfigurationPlatforms) = preSolution
		Debug|Any CPU = Debug|Any CPU
		Release|Any CPU = Release|Any CPU
	EndGlobalSection
	GlobalSection(SolutionProperties) = preSolution
		HideSolutionNode = FALSE
	EndGlobalSection
	GlobalSection(ProjectConfigurationPlatforms) = postSolution
		{9415AB77-60CC-4139-82A9-8E4246BE2B4C}.Debug|Any CPU.ActiveCfg = Debug|Any CPU
		{9415AB77-60CC-4139-82A9-8E4246BE2B4C}.Debug|Any CPU.Build.0 = Debug|Any CPU
		{9415AB77-60CC-4139-82A9-8E4246BE2B4C}.Release|Any CPU.ActiveCfg = Release|Any CPU
		{9415AB77-60CC-4139-82A9-8E4246BE2B4C}.Release|Any CPU.Build.0 = Release|Any CPU
		{8C4C1B75-6740-4BE9-9A59-B2C781E47049}.Debug|Any CPU.ActiveCfg = Debug|Any CPU
		{8C4C1B75-6740-4BE9-9A59-B2C781E47049}.Debug|Any CPU.Build.0 = Debug|Any CPU
		{8C4C1B75-6740-4BE9-9A59-B2C781E47049}.Release|Any CPU.ActiveCfg = Release|Any CPU
		{8C4C1B75-6740-4BE9-9A59-B2C781E47049}.Release|Any CPU.Build.0 = Release|Any CPU
		{DB4468D4-DACE-4B29-A026-B5C1DDC8CB30}.Debug|Any CPU.ActiveCfg = Debug|Any CPU
		{DB4468D4-DACE-4B29-A026-B5C1DDC8CB30}.Debug|Any CPU.Build.0 = Debug|Any CPU
		{DB4468D4-DACE-4B29-A026-B5C1DDC8CB30}.Release|Any CPU.ActiveCfg = Release|Any CPU
		{DB4468D4-DACE-4B29-A026-B5C1DDC8CB30}.Release|Any CPU.Build.0 = Release|Any CPU
	EndGlobalSection
EndGlobal
